
Microsoft Visual Studio Solution File, Format Version 12.00
# Visual Studio Version 17
VisualStudioVersion = 17.5.33402.96
MinimumVisualStudioVersion = 10.0.40219.1
Project("{FAE04EC0-301F-11D3-BF4B-00C04F79EFBC}") = "Prog_120_S23_L17_LinearSearch", "Prog_120_S23_L17_LinearSearch.csproj", "{1EF0800D-4AA1-4CE7-B82F-CE2FF16E3C8E}"
EndProject
Global
	GlobalSection(SolutionConfigurationPlatforms) = preSolution
		Debug|Any CPU = Debug|Any CPU
		Release|Any CPU = Release|Any CPU
	EndGlobalSection
	GlobalSection(ProjectConfigurationPlatforms) = postSolution
		{1EF0800D-4AA1-4CE7-B82F-CE2FF16E3C8E}.Debug|Any CPU.ActiveCfg = Debug|Any CPU
		{1EF0800D-4AA1-4CE7-B82F-CE2FF16E3C8E}.Debug|Any CPU.Build.0 = Debug|Any CPU
		{1EF0800D-4AA1-4CE7-B82F-CE2FF16E3C8E}.Release|Any CPU.ActiveCfg = Release|Any CPU
		{1EF0800D-4AA1-4CE7-B82F-CE2FF16E3C8E}.Release|Any CPU.Build.0 = Release|Any CPU
	EndGlobalSection
	GlobalSection(SolutionProperties) = preSolution
		HideSolutionNode = FALSE
	EndGlobalSection
	GlobalSection(ExtensibilityGlobals) = postSolution
		SolutionGuid = {F4B59378-D517-452C-BB40-6F9FB2B9E8E8}
	EndGlobalSection
EndGlobal
